
Microsoft Visual Studio Solution File, Format Version 12.00
# Visual Studio 15
VisualStudioVersion = 15.0.28010.2016
MinimumVisualStudioVersion = 10.0.40219.1
Project("{9A19103F-16F7-4668-BE54-9A1E7A4F7556}") = "Matrix", "Matrix\Matrix.csproj", "{8FFE3AC0-D2C1-45A5-8DC7-E4CDC7D2B94F}"
EndProject
Project("{FAE04EC0-301F-11D3-BF4B-00C04F79EFBC}") = "Polynomial", "Polynomial\Polynomial.csproj", "{E6714230-E7C6-4DE9-A640-2068112BD920}"
EndProject
Global
	GlobalSection(SolutionConfigurationPlatforms) = preSolution
		Debug|Any CPU = Debug|Any CPU
		Debug|ARM = Debug|ARM
		Debug|x64 = Debug|x64
		Debug|x86 = Debug|x86
		Release|Any CPU = Release|Any CPU
		Release|ARM = Release|ARM
		Release|x64 = Release|x64
		Release|x86 = Release|x86
	EndGlobalSection
	GlobalSection(ProjectConfigurationPlatforms) = postSolution
		{8FFE3AC0-D2C1-45A5-8DC7-E4CDC7D2B94F}.Debug|Any CPU.ActiveCfg = Debug|Any CPU
		{8FFE3AC0-D2C1-45A5-8DC7-E4CDC7D2B94F}.Debug|Any CPU.Build.0 = Debug|Any CPU
		{8FFE3AC0-D2C1-45A5-8DC7-E4CDC7D2B94F}.Debug|ARM.ActiveCfg = Debug|Any CPU
		{8FFE3AC0-D2C1-45A5-8DC7-E4CDC7D2B94F}.Debug|ARM.Build.0 = Debug|Any CPU
		{8FFE3AC0-D2C1-45A5-8DC7-E4CDC7D2B94F}.Debug|x64.ActiveCfg = Debug|Any CPU
		{8FFE3AC0-D2C1-45A5-8DC7-E4CDC7D2B94F}.Debug|x64.Build.0 = Debug|Any CPU
		{8FFE3AC0-D2C1-45A5-8DC7-E4CDC7D2B94F}.Debug|x86.ActiveCfg = Debug|Any CPU
		{8FFE3AC0-D2C1-45A5-8DC7-E4CDC7D2B94F}.Debug|x86.Build.0 = Debug|Any CPU
		{8FFE3AC0-D2C1-45A5-8DC7-E4CDC7D2B94F}.Release|Any CPU.ActiveCfg = Release|Any CPU
		{8FFE3AC0-D2C1-45A5-8DC7-E4CDC7D2B94F}.Release|Any CPU.Build.0 = Release|Any CPU
		{8FFE3AC0-D2C1-45A5-8DC7-E4CDC7D2B94F}.Release|ARM.ActiveCfg = Release|Any CPU
		{8FFE3AC0-D2C1-45A5-8DC7-E4CDC7D2B94F}.Release|ARM.Build.0 = Release|Any CPU
		{8FFE3AC0-D2C1-45A5-8DC7-E4CDC7D2B94F}.Release|x64.ActiveCfg = Release|Any CPU
		{8FFE3AC0-D2C1-45A5-8DC7-E4CDC7D2B94F}.Release|x64.Build.0 = Release|Any CPU
		{8FFE3AC0-D2C1-45A5-8DC7-E4CDC7D2B94F}.Release|x86.ActiveCfg = Release|Any CPU
		{8FFE3AC0-D2C1-45A5-8DC7-E4CDC7D2B94F}.Release|x86.Build.0 = Release|Any CPU
		{E6714230-E7C6-4DE9-A640-2068112BD920}.Debug|Any CPU.ActiveCfg = Debug|Any CPU
		{E6714230-E7C6-4DE9-A640-2068112BD920}.Debug|Any CPU.Build.0 = Debug|Any CPU
		{E6714230-E7C6-4DE9-A640-2068112BD920}.Debug|ARM.ActiveCfg = Debug|Any CPU
		{E6714230-E7C6-4DE9-A640-2068112BD920}.Debug|ARM.Build.0 = Debug|Any CPU
		{E6714230-E7C6-4DE9-A640-2068112BD920}.Debug|x64.ActiveCfg = Debug|Any CPU
		{E6714230-E7C6-4DE9-A640-2068112BD920}.Debug|x64.Build.0 = Debug|Any CPU
		{E6714230-E7C6-4DE9-A640-2068112BD920}.Debug|x86.ActiveCfg = Debug|Any CPU
		{E6714230-E7C6-4DE9-A640-2068112BD920}.Debug|x86.Build.0 = Debug|Any CPU
		{E6714230-E7C6-4DE9-A640-2068112BD920}.Release|Any CPU.ActiveCfg = Release|Any CPU
		{E6714230-E7C6-4DE9-A640-2068112BD920}.Release|Any CPU.Build.0 = Release|Any CPU
		{E6714230-E7C6-4DE9-A640-2068112BD920}.Release|ARM.ActiveCfg = Release|Any CPU
		{E6714230-E7C6-4DE9-A640-2068112BD920}.Release|ARM.Build.0 = Release|Any CPU
		{E6714230-E7C6-4DE9-A640-2068112BD920}.Release|x64.ActiveCfg = Release|Any CPU
		{E6714230-E7C6-4DE9-A640-2068112BD920}.Release|x64.Build.0 = Release|Any CPU
		{E6714230-E7C6-4DE9-A640-2068112BD920}.Release|x86.ActiveCfg = Release|Any CPU
		{E6714230-E7C6-4DE9-A640-2068112BD920}.Release|x86.Build.0 = Release|Any CPU
	EndGlobalSection
	GlobalSection(SolutionProperties) = preSolution
		HideSolutionNode = FALSE
	EndGlobalSection
	GlobalSection(ExtensibilityGlobals) = postSolution
		SolutionGuid = {C1DB5EB7-CFFE-43E6-A617-981F6254A5D9}
	EndGlobalSection
EndGlobal
